
Microsoft Visual Studio Solution File, Format Version 12.00
# Visual Studio Version 16
VisualStudioVersion = 16.0.30002.166
MinimumVisualStudioVersion = 10.0.40219.1
Project("{FAE04EC0-301F-11D3-BF4B-00C04F79EFBC}") = "HelloWorldWinform", "HelloWorldWinform\HelloWorldWinform.csproj", "{5E49DDC6-4721-4E2C-9E74-8EDBEE9AF8EB}"
EndProject
Global
	GlobalSection(SolutionConfigurationPlatforms) = preSolution
		Debug|Any CPU = Debug|Any CPU
		Release|Any CPU = Release|Any CPU
	EndGlobalSection
	GlobalSection(ProjectConfigurationPlatforms) = postSolution
		{5E49DDC6-4721-4E2C-9E74-8EDBEE9AF8EB}.Debug|Any CPU.ActiveCfg = Debug|Any CPU
		{5E49DDC6-4721-4E2C-9E74-8EDBEE9AF8EB}.Debug|Any CPU.Build.0 = Debug|Any CPU
		{5E49DDC6-4721-4E2C-9E74-8EDBEE9AF8EB}.Release|Any CPU.ActiveCfg = Release|Any CPU
		{5E49DDC6-4721-4E2C-9E74-8EDBEE9AF8EB}.Release|Any CPU.Build.0 = Release|Any CPU
	EndGlobalSection
	GlobalSection(SolutionProperties) = preSolution
		HideSolutionNode = FALSE
	EndGlobalSection
	GlobalSection(ExtensibilityGlobals) = postSolution
		SolutionGuid = {4FD1DCDD-2B69-4D9A-BC5A-1313B481C4BC}
	EndGlobalSection
EndGlobal
